// !$*UTF8*$!
{
	archiveVersion = 1;
	classes = {
	};
	objectVersion = 77;
	objects = {

/* Begin PBXBuildFile section */
		6E0A054F2DC77745004A74E2 /* deterministicP256-swift in Frameworks */ = {isa = PBXBuildFile; productRef = 6E0A054E2DC77745004A74E2 /* deterministicP256-swift */; };
		6E0F0F442DF6B382002035B7 /* MnemonicSwift in Frameworks */ = {isa = PBXBuildFile; productRef = 6E0F0F432DF6B382002035B7 /* MnemonicSwift */; };
		6E0F0F482DF6B382002035B7 /* x-hd-wallet-api in Frameworks */ = {isa = PBXBuildFile; productRef = 6E0F0F472DF6B382002035B7 /* x-hd-wallet-api */; };
		6E0F0F4A2DF6B382002035B7 /* deterministicP256-swift in Frameworks */ = {isa = PBXBuildFile; productRef = 6E0F0F492DF6B382002035B7 /* deterministicP256-swift */; };
		6E97FCC52DC0CD35006224B5 /* x-hd-wallet-api in Frameworks */ = {isa = PBXBuildFile; productRef = 6E97FCC42DC0CD35006224B5 /* x-hd-wallet-api */; };
		6EA62D392E20702E00C80BF0 /* SwiftCBOR in Frameworks */ = {isa = PBXBuildFile; productRef = 6EA62D382E20702E00C80BF0 /* SwiftCBOR */; };
		6EB1BFFC2DE6105800D2CD0F /* AuthenticationServices.framework in Frameworks */ = {isa = PBXBuildFile; fileRef = 6EB1BFFB2DE6105700D2CD0F /* AuthenticationServices.framework */; };
		6EB1C0072DE6105800D2CD0F /* AutofillCredentialExtension.appex in Embed Foundation Extensions */ = {isa = PBXBuildFile; fileRef = 6EB1BFFA2DE6105700D2CD0F /* AutofillCredentialExtension.appex */; settings = {ATTRIBUTES = (RemoveHeadersOnCopy, ); }; };
		6EE537E92DBD631D0032EC12 /* MnemonicSwift in Frameworks */ = {isa = PBXBuildFile; productRef = 6EE537E82DBD631D0032EC12 /* MnemonicSwift */; };
		6EFCAC752E2649AA0010B46B /* LiquidAuthSDK in Frameworks */ = {isa = PBXBuildFile; productRef = 6EFCAC742E2649AA0010B46B /* LiquidAuthSDK */; };
		6EFCAC772E2649BA0010B46B /* LiquidAuthSDK in Frameworks */ = {isa = PBXBuildFile; productRef = 6EFCAC762E2649BA0010B46B /* LiquidAuthSDK */; };
/* End PBXBuildFile section */

/* Begin PBXContainerItemProxy section */
		6E68E69D2DA924940087CB6D /* PBXContainerItemProxy */ = {
			isa = PBXContainerItemProxy;
			containerPortal = 6E68E6842DA924920087CB6D /* Project object */;
			proxyType = 1;
			remoteGlobalIDString = 6E68E68B2DA924920087CB6D;
			remoteInfo = "liquid-auth-ios-example";
		};
		6E68E6A72DA924940087CB6D /* PBXContainerItemProxy */ = {
			isa = PBXContainerItemProxy;
			containerPortal = 6E68E6842DA924920087CB6D /* Project object */;
			proxyType = 1;
			remoteGlobalIDString = 6E68E68B2DA924920087CB6D;
			remoteInfo = "liquid-auth-ios-example";
		};
		6EB1C0052DE6105800D2CD0F /* PBXContainerItemProxy */ = {
			isa = PBXContainerItemProxy;
			containerPortal = 6E68E6842DA924920087CB6D /* Project object */;
			proxyType = 1;
			remoteGlobalIDString = 6EB1BFF92DE6105700D2CD0F;
			remoteInfo = AutofillCredentialExtension;
		};
/* End PBXContainerItemProxy section */

/* Begin PBXCopyFilesBuildPhase section */
		6EB1C00C2DE6105800D2CD0F /* Embed Foundation Extensions */ = {
			isa = PBXCopyFilesBuildPhase;
			buildActionMask = 2147483647;
			dstPath = "";
			dstSubfolderSpec = 13;
			files = (
				6EB1C0072DE6105800D2CD0F /* AutofillCredentialExtension.appex in Embed Foundation Extensions */,
			);
			name = "Embed Foundation Extensions";
			runOnlyForDeploymentPostprocessing = 0;
		};
/* End PBXCopyFilesBuildPhase section */

/* Begin PBXFileReference section */
		6E28F8732E1E982500A725C5 /* LiquidAuthSDK */ = {isa = PBXFileReference; lastKnownFileType = wrapper; path = LiquidAuthSDK; sourceTree = "<group>"; };
		6E68E68C2DA924920087CB6D /* liquid-auth-ios-example.app */ = {isa = PBXFileReference; explicitFileType = wrapper.application; includeInIndex = 0; path = "liquid-auth-ios-example.app"; sourceTree = BUILT_PRODUCTS_DIR; };
		6E68E69C2DA924940087CB6D /* liquid-auth-ios-exampleTests.xctest */ = {isa = PBXFileReference; explicitFileType = wrapper.cfbundle; includeInIndex = 0; path = "liquid-auth-ios-exampleTests.xctest"; sourceTree = BUILT_PRODUCTS_DIR; };
		6E68E6A62DA924940087CB6D /* liquid-auth-ios-exampleUITests.xctest */ = {isa = PBXFileReference; explicitFileType = wrapper.cfbundle; includeInIndex = 0; path = "liquid-auth-ios-exampleUITests.xctest"; sourceTree = BUILT_PRODUCTS_DIR; };
		6EB1BFFA2DE6105700D2CD0F /* AutofillCredentialExtension.appex */ = {isa = PBXFileReference; explicitFileType = "wrapper.app-extension"; includeInIndex = 0; path = AutofillCredentialExtension.appex; sourceTree = BUILT_PRODUCTS_DIR; };
		6EB1BFFB2DE6105700D2CD0F /* AuthenticationServices.framework */ = {isa = PBXFileReference; lastKnownFileType = wrapper.framework; name = AuthenticationServices.framework; path = System/Library/Frameworks/AuthenticationServices.framework; sourceTree = SDKROOT; };
/* End PBXFileReference section */

/* Begin PBXFileSystemSynchronizedBuildFileExceptionSet section */
		6EB1C0082DE6105800D2CD0F /* Exceptions for "AutofillCredentialExtension" folder in "AutofillCredentialExtension" target */ = {
			isa = PBXFileSystemSynchronizedBuildFileExceptionSet;
			membershipExceptions = (
				Info.plist,
			);
			target = 6EB1BFF92DE6105700D2CD0F /* AutofillCredentialExtension */;
		};
/* End PBXFileSystemSynchronizedBuildFileExceptionSet section */

/* Begin PBXFileSystemSynchronizedRootGroup section */
		6E68E68E2DA924920087CB6D /* liquid-auth-ios-example */ = {
			isa = PBXFileSystemSynchronizedRootGroup;
			path = "liquid-auth-ios-example";
			sourceTree = "<group>";
		};
		6E68E69F2DA924940087CB6D /* liquid-auth-ios-exampleTests */ = {
			isa = PBXFileSystemSynchronizedRootGroup;
			path = "liquid-auth-ios-exampleTests";
			sourceTree = "<group>";
		};
		6E68E6A92DA924940087CB6D /* liquid-auth-ios-exampleUITests */ = {
			isa = PBXFileSystemSynchronizedRootGroup;
			path = "liquid-auth-ios-exampleUITests";
			sourceTree = "<group>";
		};
		6EB1BFFD2DE6105800D2CD0F /* AutofillCredentialExtension */ = {
			isa = PBXFileSystemSynchronizedRootGroup;
			exceptions = (
				6EB1C0082DE6105800D2CD0F /* Exceptions for "AutofillCredentialExtension" folder in "AutofillCredentialExtension" target */,
			);
			path = AutofillCredentialExtension;
			sourceTree = "<group>";
		};
/* End PBXFileSystemSynchronizedRootGroup section */

/* Begin PBXFrameworksBuildPhase section */
		6E68E6892DA924920087CB6D /* Frameworks */ = {
			isa = PBXFrameworksBuildPhase;
			buildActionMask = 2147483647;
			files = (
				6E97FCC52DC0CD35006224B5 /* x-hd-wallet-api in Frameworks */,
				6EFCAC752E2649AA0010B46B /* LiquidAuthSDK in Frameworks */,
				6EA62D392E20702E00C80BF0 /* SwiftCBOR in Frameworks */,
				6E0A054F2DC77745004A74E2 /* deterministicP256-swift in Frameworks */,
				6EE537E92DBD631D0032EC12 /* MnemonicSwift in Frameworks */,
			);
			runOnlyForDeploymentPostprocessing = 0;
		};
		6E68E6992DA924940087CB6D /* Frameworks */ = {
			isa = PBXFrameworksBuildPhase;
			buildActionMask = 2147483647;
			files = (
			);
			runOnlyForDeploymentPostprocessing = 0;
		};
		6E68E6A32DA924940087CB6D /* Frameworks */ = {
			isa = PBXFrameworksBuildPhase;
			buildActionMask = 2147483647;
			files = (
			);
			runOnlyForDeploymentPostprocessing = 0;
		};
		6EB1BFF72DE6105700D2CD0F /* Frameworks */ = {
			isa = PBXFrameworksBuildPhase;
			buildActionMask = 2147483647;
			files = (
				6E0F0F482DF6B382002035B7 /* x-hd-wallet-api in Frameworks */,
				6EFCAC772E2649BA0010B46B /* LiquidAuthSDK in Frameworks */,
				6E0F0F442DF6B382002035B7 /* MnemonicSwift in Frameworks */,
				6E0F0F4A2DF6B382002035B7 /* deterministicP256-swift in Frameworks */,
				6EB1BFFC2DE6105800D2CD0F /* AuthenticationServices.framework in Frameworks */,
			);
			runOnlyForDeploymentPostprocessing = 0;
		};
/* End PBXFrameworksBuildPhase section */

/* Begin PBXGroup section */
		6E68E6832DA924920087CB6D = {
			isa = PBXGroup;
			children = (
				6E68E68E2DA924920087CB6D /* liquid-auth-ios-example */,
				6E68E69F2DA924940087CB6D /* liquid-auth-ios-exampleTests */,
				6E68E6A92DA924940087CB6D /* liquid-auth-ios-exampleUITests */,
				6EB1BFFD2DE6105800D2CD0F /* AutofillCredentialExtension */,
				6EE537982DAE75340032EC12 /* Frameworks */,
				6E68E68D2DA924920087CB6D /* Products */,
			);
			sourceTree = "<group>";
		};
		6E68E68D2DA924920087CB6D /* Products */ = {
			isa = PBXGroup;
			children = (
				6E68E68C2DA924920087CB6D /* liquid-auth-ios-example.app */,
				6E68E69C2DA924940087CB6D /* liquid-auth-ios-exampleTests.xctest */,
				6E68E6A62DA924940087CB6D /* liquid-auth-ios-exampleUITests.xctest */,
				6EB1BFFA2DE6105700D2CD0F /* AutofillCredentialExtension.appex */,
			);
			name = Products;
			sourceTree = "<group>";
		};
		6EE537982DAE75340032EC12 /* Frameworks */ = {
			isa = PBXGroup;
			children = (
				6E28F8732E1E982500A725C5 /* LiquidAuthSDK */,
				6EB1BFFB2DE6105700D2CD0F /* AuthenticationServices.framework */,
			);
			name = Frameworks;
			sourceTree = "<group>";
		};
/* End PBXGroup section */

/* Begin PBXNativeTarget section */
		6E68E68B2DA924920087CB6D /* liquid-auth-ios-example */ = {
			isa = PBXNativeTarget;
			buildConfigurationList = 6E68E6B02DA924940087CB6D /* Build configuration list for PBXNativeTarget "liquid-auth-ios-example" */;
			buildPhases = (
				6E68E6882DA924920087CB6D /* Sources */,
				6E68E6892DA924920087CB6D /* Frameworks */,
				6E68E68A2DA924920087CB6D /* Resources */,
				6EB1C00C2DE6105800D2CD0F /* Embed Foundation Extensions */,
			);
			buildRules = (
			);
			dependencies = (
				6EB1C0062DE6105800D2CD0F /* PBXTargetDependency */,
			);
			fileSystemSynchronizedGroups = (
				6E68E68E2DA924920087CB6D /* liquid-auth-ios-example */,
			);
			name = "liquid-auth-ios-example";
			packageProductDependencies = (
				6EE537E82DBD631D0032EC12 /* MnemonicSwift */,
				6E97FCC42DC0CD35006224B5 /* x-hd-wallet-api */,
				6E0A054E2DC77745004A74E2 /* deterministicP256-swift */,
				6EA62D382E20702E00C80BF0 /* SwiftCBOR */,
				6EFCAC742E2649AA0010B46B /* LiquidAuthSDK */,
			);
			productName = "liquid-auth-ios-example";
			productReference = 6E68E68C2DA924920087CB6D /* liquid-auth-ios-example.app */;
			productType = "com.apple.product-type.application";
		};
		6E68E69B2DA924940087CB6D /* liquid-auth-ios-exampleTests */ = {
			isa = PBXNativeTarget;
			buildConfigurationList = 6E68E6B32DA924940087CB6D /* Build configuration list for PBXNativeTarget "liquid-auth-ios-exampleTests" */;
			buildPhases = (
				6E68E6982DA924940087CB6D /* Sources */,
				6E68E6992DA924940087CB6D /* Frameworks */,
				6E68E69A2DA924940087CB6D /* Resources */,
			);
			buildRules = (
			);
			dependencies = (
				6E68E69E2DA924940087CB6D /* PBXTargetDependency */,
			);
			fileSystemSynchronizedGroups = (
				6E68E69F2DA924940087CB6D /* liquid-auth-ios-exampleTests */,
			);
			name = "liquid-auth-ios-exampleTests";
			packageProductDependencies = (
			);
			productName = "liquid-auth-ios-exampleTests";
			productReference = 6E68E69C2DA924940087CB6D /* liquid-auth-ios-exampleTests.xctest */;
			productType = "com.apple.product-type.bundle.unit-test";
		};
		6E68E6A52DA924940087CB6D /* liquid-auth-ios-exampleUITests */ = {
			isa = PBXNativeTarget;
			buildConfigurationList = 6E68E6B62DA924940087CB6D /* Build configuration list for PBXNativeTarget "liquid-auth-ios-exampleUITests" */;
			buildPhases = (
				6E68E6A22DA924940087CB6D /* Sources */,
				6E68E6A32DA924940087CB6D /* Frameworks */,
				6E68E6A42DA924940087CB6D /* Resources */,
			);
			buildRules = (
			);
			dependencies = (
				6E68E6A82DA924940087CB6D /* PBXTargetDependency */,
			);
			fileSystemSynchronizedGroups = (
				6E68E6A92DA924940087CB6D /* liquid-auth-ios-exampleUITests */,
			);
			name = "liquid-auth-ios-exampleUITests";
			packageProductDependencies = (
			);
			productName = "liquid-auth-ios-exampleUITests";
			productReference = 6E68E6A62DA924940087CB6D /* liquid-auth-ios-exampleUITests.xctest */;
			productType = "com.apple.product-type.bundle.ui-testing";
		};
		6EB1BFF92DE6105700D2CD0F /* AutofillCredentialExtension */ = {
			isa = PBXNativeTarget;
			buildConfigurationList = 6EB1C0092DE6105800D2CD0F /* Build configuration list for PBXNativeTarget "AutofillCredentialExtension" */;
			buildPhases = (
				6EB1BFF62DE6105700D2CD0F /* Sources */,
				6EB1BFF72DE6105700D2CD0F /* Frameworks */,
				6EB1BFF82DE6105700D2CD0F /* Resources */,
			);
			buildRules = (
			);
			dependencies = (
			);
			fileSystemSynchronizedGroups = (
				6EB1BFFD2DE6105800D2CD0F /* AutofillCredentialExtension */,
			);
			name = AutofillCredentialExtension;
			packageProductDependencies = (
				6E0F0F432DF6B382002035B7 /* MnemonicSwift */,
				6E0F0F472DF6B382002035B7 /* x-hd-wallet-api */,
				6E0F0F492DF6B382002035B7 /* deterministicP256-swift */,
				6EFCAC762E2649BA0010B46B /* LiquidAuthSDK */,
			);
			productName = AutofillCredentialExtension;
			productReference = 6EB1BFFA2DE6105700D2CD0F /* AutofillCredentialExtension.appex */;
			productType = "com.apple.product-type.app-extension";
		};
/* End PBXNativeTarget section */

/* Begin PBXProject section */
		6E68E6842DA924920087CB6D /* Project object */ = {
			isa = PBXProject;
			attributes = {
				BuildIndependentTargetsInParallel = 1;
				LastSwiftUpdateCheck = 1610;
				LastUpgradeCheck = 1610;
				TargetAttributes = {
					6E68E68B2DA924920087CB6D = {
						CreatedOnToolsVersion = 16.1;
					};
					6E68E69B2DA924940087CB6D = {
						CreatedOnToolsVersion = 16.1;
						TestTargetID = 6E68E68B2DA924920087CB6D;
					};
					6E68E6A52DA924940087CB6D = {
						CreatedOnToolsVersion = 16.1;
						TestTargetID = 6E68E68B2DA924920087CB6D;
					};
					6EB1BFF92DE6105700D2CD0F = {
						CreatedOnToolsVersion = 16.1;
					};
				};
			};
			buildConfigurationList = 6E68E6872DA924920087CB6D /* Build configuration list for PBXProject "liquid-auth-ios-example" */;
			developmentRegion = en;
			hasScannedForEncodings = 0;
			knownRegions = (
				en,
				Base,
			);
			mainGroup = 6E68E6832DA924920087CB6D;
			minimizedProjectReferenceProxies = 1;
			packageReferences = (
				6EE537E72DBD631D0032EC12 /* XCRemoteSwiftPackageReference "MnemonicSwift" */,
				6ECF13E52DBEBA73006E0BE0 /* XCRemoteSwiftPackageReference "xHD-Wallet-API-swift" */,
				6E0A054D2DC77745004A74E2 /* XCRemoteSwiftPackageReference "deterministic-P256-swift" */,
				6EA62D372E20702E00C80BF0 /* XCRemoteSwiftPackageReference "SwiftCBOR" */,
				6EFCAC732E2649AA0010B46B /* XCRemoteSwiftPackageReference "liquid-auth-ios" */,
			);
			preferredProjectObjectVersion = 77;
			productRefGroup = 6E68E68D2DA924920087CB6D /* Products */;
			projectDirPath = "";
			projectRoot = "";
			targets = (
				6E68E68B2DA924920087CB6D /* liquid-auth-ios-example */,
				6E68E69B2DA924940087CB6D /* liquid-auth-ios-exampleTests */,
				6E68E6A52DA924940087CB6D /* liquid-auth-ios-exampleUITests */,
				6EB1BFF92DE6105700D2CD0F /* AutofillCredentialExtension */,
			);
		};
/* End PBXProject section */

/* Begin PBXResourcesBuildPhase section */
		6E68E68A2DA924920087CB6D /* Resources */ = {
			isa = PBXResourcesBuildPhase;
			buildActionMask = 2147483647;
			files = (
			);
			runOnlyForDeploymentPostprocessing = 0;
		};
		6E68E69A2DA924940087CB6D /* Resources */ = {
			isa = PBXResourcesBuildPhase;
			buildActionMask = 2147483647;
			files = (
			);
			runOnlyForDeploymentPostprocessing = 0;
		};
		6E68E6A42DA924940087CB6D /* Resources */ = {
			isa = PBXResourcesBuildPhase;
			buildActionMask = 2147483647;
			files = (
			);
			runOnlyForDeploymentPostprocessing = 0;
		};
		6EB1BFF82DE6105700D2CD0F /* Resources */ = {
			isa = PBXResourcesBuildPhase;
			buildActionMask = 2147483647;
			files = (
			);
			runOnlyForDeploymentPostprocessing = 0;
		};
/* End PBXResourcesBuildPhase section */

/* Begin PBXSourcesBuildPhase section */
		6E68E6882DA924920087CB6D /* Sources */ = {
			isa = PBXSourcesBuildPhase;
			buildActionMask = 2147483647;
			files = (
			);
			runOnlyForDeploymentPostprocessing = 0;
		};
		6E68E6982DA924940087CB6D /* Sources */ = {
			isa = PBXSourcesBuildPhase;
			buildActionMask = 2147483647;
			files = (
			);
			runOnlyForDeploymentPostprocessing = 0;
		};
		6E68E6A22DA924940087CB6D /* Sources */ = {
			isa = PBXSourcesBuildPhase;
			buildActionMask = 2147483647;
			files = (
			);
			runOnlyForDeploymentPostprocessing = 0;
		};
		6EB1BFF62DE6105700D2CD0F /* Sources */ = {
			isa = PBXSourcesBuildPhase;
			buildActionMask = 2147483647;
			files = (
			);
			runOnlyForDeploymentPostprocessing = 0;
		};
/* End PBXSourcesBuildPhase section */

/* Begin PBXTargetDependency section */
		6E68E69E2DA924940087CB6D /* PBXTargetDependency */ = {
			isa = PBXTargetDependency;
			target = 6E68E68B2DA924920087CB6D /* liquid-auth-ios-example */;
			targetProxy = 6E68E69D2DA924940087CB6D /* PBXContainerItemProxy */;
		};
		6E68E6A82DA924940087CB6D /* PBXTargetDependency */ = {
			isa = PBXTargetDependency;
			target = 6E68E68B2DA924920087CB6D /* liquid-auth-ios-example */;
			targetProxy = 6E68E6A72DA924940087CB6D /* PBXContainerItemProxy */;
		};
		6EB1C0062DE6105800D2CD0F /* PBXTargetDependency */ = {
			isa = PBXTargetDependency;
			target = 6EB1BFF92DE6105700D2CD0F /* AutofillCredentialExtension */;
			targetProxy = 6EB1C0052DE6105800D2CD0F /* PBXContainerItemProxy */;
		};
/* End PBXTargetDependency section */

/* Begin XCBuildConfiguration section */
		6E68E6AE2DA924940087CB6D /* Debug */ = {
			isa = XCBuildConfiguration;
			buildSettings = {
				ALWAYS_SEARCH_USER_PATHS = NO;
				ASSETCATALOG_COMPILER_GENERATE_SWIFT_ASSET_SYMBOL_EXTENSIONS = YES;
				CLANG_ANALYZER_NONNULL = YES;
				CLANG_ANALYZER_NUMBER_OBJECT_CONVERSION = YES_AGGRESSIVE;
				CLANG_CXX_LANGUAGE_STANDARD = "gnu++20";
				CLANG_ENABLE_MODULES = YES;
				CLANG_ENABLE_OBJC_ARC = YES;
				CLANG_ENABLE_OBJC_WEAK = YES;
				CLANG_WARN_BLOCK_CAPTURE_AUTORELEASING = YES;
				CLANG_WARN_BOOL_CONVERSION = YES;
				CLANG_WARN_COMMA = YES;
				CLANG_WARN_CONSTANT_CONVERSION = YES;
				CLANG_WARN_DEPRECATED_OBJC_IMPLEMENTATIONS = YES;
				CLANG_WARN_DIRECT_OBJC_ISA_USAGE = YES_ERROR;
				CLANG_WARN_DOCUMENTATION_COMMENTS = YES;
				CLANG_WARN_EMPTY_BODY = YES;
				CLANG_WARN_ENUM_CONVERSION = YES;
				CLANG_WARN_INFINITE_RECURSION = YES;
				CLANG_WARN_INT_CONVERSION = YES;
				CLANG_WARN_NON_LITERAL_NULL_CONVERSION = YES;
				CLANG_WARN_OBJC_IMPLICIT_RETAIN_SELF = YES;
				CLANG_WARN_OBJC_LITERAL_CONVERSION = YES;
				CLANG_WARN_OBJC_ROOT_CLASS = YES_ERROR;
				CLANG_WARN_QUOTED_INCLUDE_IN_FRAMEWORK_HEADER = YES;
				CLANG_WARN_RANGE_LOOP_ANALYSIS = YES;
				CLANG_WARN_STRICT_PROTOTYPES = YES;
				CLANG_WARN_SUSPICIOUS_MOVE = YES;
				CLANG_WARN_UNGUARDED_AVAILABILITY = YES_AGGRESSIVE;
				CLANG_WARN_UNREACHABLE_CODE = YES;
				CLANG_WARN__DUPLICATE_METHOD_MATCH = YES;
				COPY_PHASE_STRIP = NO;
				DEBUG_INFORMATION_FORMAT = dwarf;
				ENABLE_STRICT_OBJC_MSGSEND = YES;
				ENABLE_TESTABILITY = YES;
				ENABLE_USER_SCRIPT_SANDBOXING = YES;
				GCC_C_LANGUAGE_STANDARD = gnu17;
				GCC_DYNAMIC_NO_PIC = NO;
				GCC_NO_COMMON_BLOCKS = YES;
				GCC_OPTIMIZATION_LEVEL = 0;
				GCC_PREPROCESSOR_DEFINITIONS = (
					"DEBUG=1",
					"$(inherited)",
				);
				GCC_WARN_64_TO_32_BIT_CONVERSION = YES;
				GCC_WARN_ABOUT_RETURN_TYPE = YES_ERROR;
				GCC_WARN_UNDECLARED_SELECTOR = YES;
				GCC_WARN_UNINITIALIZED_AUTOS = YES_AGGRESSIVE;
				GCC_WARN_UNUSED_FUNCTION = YES;
				GCC_WARN_UNUSED_VARIABLE = YES;
				INFOPLIST_KEY_NSCameraUsageDescription = "The app needs access to your camera to scan QR codes.";
				IPHONEOS_DEPLOYMENT_TARGET = 18.1;
				LOCALIZATION_PREFERS_STRING_CATALOGS = YES;
				MTL_ENABLE_DEBUG_INFO = INCLUDE_SOURCE;
				MTL_FAST_MATH = YES;
				ONLY_ACTIVE_ARCH = YES;
				SDKROOT = iphoneos;
				SWIFT_ACTIVE_COMPILATION_CONDITIONS = "DEBUG $(inherited)";
				SWIFT_OPTIMIZATION_LEVEL = "-Onone";
			};
			name = Debug;
		};
		6E68E6AF2DA924940087CB6D /* Release */ = {
			isa = XCBuildConfiguration;
			buildSettings = {
				ALWAYS_SEARCH_USER_PATHS = NO;
				ASSETCATALOG_COMPILER_GENERATE_SWIFT_ASSET_SYMBOL_EXTENSIONS = YES;
				CLANG_ANALYZER_NONNULL = YES;
				CLANG_ANALYZER_NUMBER_OBJECT_CONVERSION = YES_AGGRESSIVE;
				CLANG_CXX_LANGUAGE_STANDARD = "gnu++20";
				CLANG_ENABLE_MODULES = YES;
				CLANG_ENABLE_OBJC_ARC = YES;
				CLANG_ENABLE_OBJC_WEAK = YES;
				CLANG_WARN_BLOCK_CAPTURE_AUTORELEASING = YES;
				CLANG_WARN_BOOL_CONVERSION = YES;
				CLANG_WARN_COMMA = YES;
				CLANG_WARN_CONSTANT_CONVERSION = YES;
				CLANG_WARN_DEPRECATED_OBJC_IMPLEMENTATIONS = YES;
				CLANG_WARN_DIRECT_OBJC_ISA_USAGE = YES_ERROR;
				CLANG_WARN_DOCUMENTATION_COMMENTS = YES;
				CLANG_WARN_EMPTY_BODY = YES;
				CLANG_WARN_ENUM_CONVERSION = YES;
				CLANG_WARN_INFINITE_RECURSION = YES;
				CLANG_WARN_INT_CONVERSION = YES;
				CLANG_WARN_NON_LITERAL_NULL_CONVERSION = YES;
				CLANG_WARN_OBJC_IMPLICIT_RETAIN_SELF = YES;
				CLANG_WARN_OBJC_LITERAL_CONVERSION = YES;
				CLANG_WARN_OBJC_ROOT_CLASS = YES_ERROR;
				CLANG_WARN_QUOTED_INCLUDE_IN_FRAMEWORK_HEADER = YES;
				CLANG_WARN_RANGE_LOOP_ANALYSIS = YES;
				CLANG_WARN_STRICT_PROTOTYPES = YES;
				CLANG_WARN_SUSPICIOUS_MOVE = YES;
				CLANG_WARN_UNGUARDED_AVAILABILITY = YES_AGGRESSIVE;
				CLANG_WARN_UNREACHABLE_CODE = YES;
				CLANG_WARN__DUPLICATE_METHOD_MATCH = YES;
				COPY_PHASE_STRIP = NO;
				DEBUG_INFORMATION_FORMAT = "dwarf-with-dsym";
				ENABLE_NS_ASSERTIONS = NO;
				ENABLE_STRICT_OBJC_MSGSEND = YES;
				ENABLE_USER_SCRIPT_SANDBOXING = YES;
				GCC_C_LANGUAGE_STANDARD = gnu17;
				GCC_NO_COMMON_BLOCKS = YES;
				GCC_WARN_64_TO_32_BIT_CONVERSION = YES;
				GCC_WARN_ABOUT_RETURN_TYPE = YES_ERROR;
				GCC_WARN_UNDECLARED_SELECTOR = YES;
				GCC_WARN_UNINITIALIZED_AUTOS = YES_AGGRESSIVE;
				GCC_WARN_UNUSED_FUNCTION = YES;
				GCC_WARN_UNUSED_VARIABLE = YES;
				INFOPLIST_KEY_NSCameraUsageDescription = "The app needs access to your camera to scan QR codes.";
				IPHONEOS_DEPLOYMENT_TARGET = 18.1;
				LOCALIZATION_PREFERS_STRING_CATALOGS = YES;
				MTL_ENABLE_DEBUG_INFO = NO;
				MTL_FAST_MATH = YES;
				SDKROOT = iphoneos;
				SWIFT_COMPILATION_MODE = wholemodule;
				VALIDATE_PRODUCT = YES;
			};
			name = Release;
		};
		6E68E6B12DA924940087CB6D /* Debug */ = {
			isa = XCBuildConfiguration;
			buildSettings = {
				ASSETCATALOG_COMPILER_GLOBAL_ACCENT_COLOR_NAME = AccentColor;
				ASSETCATALOG_COMPILER_INCLUDE_ALL_APPICON_ASSETS = NO;
				CODE_SIGN_ENTITLEMENTS = "liquid-auth-ios-example/liquid-auth-ios-example.entitlements";
				CODE_SIGN_STYLE = Automatic;
				CURRENT_PROJECT_VERSION = 1;
				DEVELOPMENT_ASSET_PATHS = "\"liquid-auth-ios-example/Preview Content\"";
				DEVELOPMENT_TEAM = 7U5G65G3QT;
				ENABLE_PREVIEWS = YES;
				GENERATE_INFOPLIST_FILE = YES;
				INFOPLIST_KEY_CFBundleDisplayName = "Liquid Auth";
				INFOPLIST_KEY_NSCameraUsageDescription = "The app needs access to your camera to scan QR codes.";
				INFOPLIST_KEY_UIApplicationSceneManifest_Generation = YES;
				INFOPLIST_KEY_UIApplicationSupportsIndirectInputEvents = YES;
				INFOPLIST_KEY_UILaunchScreen_Generation = YES;
				INFOPLIST_KEY_UISupportedInterfaceOrientations_iPad = "UIInterfaceOrientationPortrait UIInterfaceOrientationPortraitUpsideDown UIInterfaceOrientationLandscapeLeft UIInterfaceOrientationLandscapeRight";
				INFOPLIST_KEY_UISupportedInterfaceOrientations_iPhone = "UIInterfaceOrientationPortrait UIInterfaceOrientationLandscapeLeft UIInterfaceOrientationLandscapeRight";
				LD_RUNPATH_SEARCH_PATHS = (
					"$(inherited)",
					"@executable_path/Frameworks",
				);
				MARKETING_VERSION = 1.0;
				PRODUCT_BUNDLE_IDENTIFIER = "foundation.algorand.liquid-auth-ios-example";
				PRODUCT_NAME = "$(TARGET_NAME)";
				SWIFT_EMIT_LOC_STRINGS = YES;
				SWIFT_VERSION = 5.0;
				TARGETED_DEVICE_FAMILY = "1,2";
			};
			name = Debug;
		};
		6E68E6B22DA924940087CB6D /* Release */ = {
			isa = XCBuildConfiguration;
			buildSettings = {
				ASSETCATALOG_COMPILER_GLOBAL_ACCENT_COLOR_NAME = AccentColor;
				ASSETCATALOG_COMPILER_INCLUDE_ALL_APPICON_ASSETS = NO;
				CODE_SIGN_ENTITLEMENTS = "liquid-auth-ios-example/liquid-auth-ios-example.entitlements";
				CODE_SIGN_STYLE = Automatic;
				CURRENT_PROJECT_VERSION = 1;
				DEVELOPMENT_ASSET_PATHS = "\"liquid-auth-ios-example/Preview Content\"";
				DEVELOPMENT_TEAM = 7U5G65G3QT;
				ENABLE_PREVIEWS = YES;
				GENERATE_INFOPLIST_FILE = YES;
				INFOPLIST_KEY_CFBundleDisplayName = "Liquid Auth";
				INFOPLIST_KEY_NSCameraUsageDescription = "The app needs access to your camera to scan QR codes.";
				INFOPLIST_KEY_UIApplicationSceneManifest_Generation = YES;
				INFOPLIST_KEY_UIApplicationSupportsIndirectInputEvents = YES;
				INFOPLIST_KEY_UILaunchScreen_Generation = YES;
				INFOPLIST_KEY_UISupportedInterfaceOrientations_iPad = "UIInterfaceOrientationPortrait UIInterfaceOrientationPortraitUpsideDown UIInterfaceOrientationLandscapeLeft UIInterfaceOrientationLandscapeRight";
				INFOPLIST_KEY_UISupportedInterfaceOrientations_iPhone = "UIInterfaceOrientationPortrait UIInterfaceOrientationLandscapeLeft UIInterfaceOrientationLandscapeRight";
				LD_RUNPATH_SEARCH_PATHS = (
					"$(inherited)",
					"@executable_path/Frameworks",
				);
				MARKETING_VERSION = 1.0;
				PRODUCT_BUNDLE_IDENTIFIER = "foundation.algorand.liquid-auth-ios-example";
				PRODUCT_NAME = "$(TARGET_NAME)";
				SWIFT_EMIT_LOC_STRINGS = YES;
				SWIFT_VERSION = 5.0;
				TARGETED_DEVICE_FAMILY = "1,2";
			};
			name = Release;
		};
		6E68E6B42DA924940087CB6D /* Debug */ = {
			isa = XCBuildConfiguration;
			buildSettings = {
				BUNDLE_LOADER = "$(TEST_HOST)";
				CODE_SIGN_STYLE = Automatic;
				CURRENT_PROJECT_VERSION = 1;
				GENERATE_INFOPLIST_FILE = YES;
				IPHONEOS_DEPLOYMENT_TARGET = 18.1;
				MARKETING_VERSION = 1.0;
				PRODUCT_BUNDLE_IDENTIFIER = "foundation.algorand.liquid-auth-ios-exampleTests";
				PRODUCT_NAME = "$(TARGET_NAME)";
				SWIFT_EMIT_LOC_STRINGS = NO;
				SWIFT_VERSION = 5.0;
				TARGETED_DEVICE_FAMILY = "1,2";
				TEST_HOST = "$(BUILT_PRODUCTS_DIR)/liquid-auth.app/$(BUNDLE_EXECUTABLE_FOLDER_PATH)/liquid-auth-ios-example";
			};
			name = Debug;
		};
		6E68E6B52DA924940087CB6D /* Release */ = {
			isa = XCBuildConfiguration;
			buildSettings = {
				BUNDLE_LOADER = "$(TEST_HOST)";
				CODE_SIGN_STYLE = Automatic;
				CURRENT_PROJECT_VERSION = 1;
				GENERATE_INFOPLIST_FILE = YES;
				IPHONEOS_DEPLOYMENT_TARGET = 18.1;
				MARKETING_VERSION = 1.0;
				PRODUCT_BUNDLE_IDENTIFIER = "foundation.algorand.liquid-auth-ios-exampleTests";
				PRODUCT_NAME = "$(TARGET_NAME)";
				SWIFT_EMIT_LOC_STRINGS = NO;
				SWIFT_VERSION = 5.0;
				TARGETED_DEVICE_FAMILY = "1,2";
				TEST_HOST = "$(BUILT_PRODUCTS_DIR)/liquid-auth.app/$(BUNDLE_EXECUTABLE_FOLDER_PATH)/liquid-auth-ios-example";
			};
			name = Release;
		};
		6E68E6B72DA924940087CB6D /* Debug */ = {
			isa = XCBuildConfiguration;
			buildSettings = {
				CODE_SIGN_STYLE = Automatic;
				CURRENT_PROJECT_VERSION = 1;
				GENERATE_INFOPLIST_FILE = YES;
				MARKETING_VERSION = 1.0;
				PRODUCT_BUNDLE_IDENTIFIER = "foundation.algorand.liquid-auth-ios-exampleUITests";
				PRODUCT_NAME = "$(TARGET_NAME)";
				SWIFT_EMIT_LOC_STRINGS = NO;
				SWIFT_VERSION = 5.0;
				TARGETED_DEVICE_FAMILY = "1,2";
				TEST_TARGET_NAME = "liquid-auth-ios-example";
			};
			name = Debug;
		};
		6E68E6B82DA924940087CB6D /* Release */ = {
			isa = XCBuildConfiguration;
			buildSettings = {
				CODE_SIGN_STYLE = Automatic;
				CURRENT_PROJECT_VERSION = 1;
				GENERATE_INFOPLIST_FILE = YES;
				MARKETING_VERSION = 1.0;
				PRODUCT_BUNDLE_IDENTIFIER = "foundation.algorand.liquid-auth-ios-exampleUITests";
				PRODUCT_NAME = "$(TARGET_NAME)";
				SWIFT_EMIT_LOC_STRINGS = NO;
				SWIFT_VERSION = 5.0;
				TARGETED_DEVICE_FAMILY = "1,2";
				TEST_TARGET_NAME = "liquid-auth-ios-example";
			};
			name = Release;
		};
		6EB1C00A2DE6105800D2CD0F /* Debug */ = {
			isa = XCBuildConfiguration;
			buildSettings = {
				CODE_SIGN_ENTITLEMENTS = AutofillCredentialExtension/AutofillCredentialExtension.entitlements;
				CODE_SIGN_STYLE = Automatic;
				CURRENT_PROJECT_VERSION = 1;
				DEVELOPMENT_TEAM = 7U5G65G3QT;
				GENERATE_INFOPLIST_FILE = YES;
				INFOPLIST_FILE = AutofillCredentialExtension/Info.plist;
				INFOPLIST_KEY_CFBundleDisplayName = AutofillCredentialExtension;
				INFOPLIST_KEY_NSHumanReadableCopyright = "";
				IPHONEOS_DEPLOYMENT_TARGET = 18.0;
				LD_RUNPATH_SEARCH_PATHS = (
					"$(inherited)",
					"@executable_path/Frameworks",
					"@executable_path/../../Frameworks",
				);
				MARKETING_VERSION = 1.0;
				PRODUCT_BUNDLE_IDENTIFIER = "foundation.algorand.liquid-auth-ios-example.AutofillCredentialExtension";
				PRODUCT_NAME = "$(TARGET_NAME)";
				SKIP_INSTALL = YES;
				SWIFT_EMIT_LOC_STRINGS = YES;
				SWIFT_VERSION = 5.0;
				TARGETED_DEVICE_FAMILY = "1,2";
			};
			name = Debug;
		};
		6EB1C00B2DE6105800D2CD0F /* Release */ = {
			isa = XCBuildConfiguration;
			buildSettings = {
				CODE_SIGN_ENTITLEMENTS = AutofillCredentialExtension/AutofillCredentialExtension.entitlements;
				CODE_SIGN_STYLE = Automatic;
				CURRENT_PROJECT_VERSION = 1;
				DEVELOPMENT_TEAM = 7U5G65G3QT;
				GENERATE_INFOPLIST_FILE = YES;
				INFOPLIST_FILE = AutofillCredentialExtension/Info.plist;
				INFOPLIST_KEY_CFBundleDisplayName = AutofillCredentialExtension;
				INFOPLIST_KEY_NSHumanReadableCopyright = "";
				IPHONEOS_DEPLOYMENT_TARGET = 18.0;
				LD_RUNPATH_SEARCH_PATHS = (
					"$(inherited)",
					"@executable_path/Frameworks",
					"@executable_path/../../Frameworks",
				);
				MARKETING_VERSION = 1.0;
				PRODUCT_BUNDLE_IDENTIFIER = "foundation.algorand.liquid-auth-ios-example.AutofillCredentialExtension";
				PRODUCT_NAME = "$(TARGET_NAME)";
				SKIP_INSTALL = YES;
				SWIFT_EMIT_LOC_STRINGS = YES;
				SWIFT_VERSION = 5.0;
				TARGETED_DEVICE_FAMILY = "1,2";
			};
			name = Release;
		};
/* End XCBuildConfiguration section */

/* Begin XCConfigurationList section */
		6E68E6872DA924920087CB6D /* Build configuration list for PBXProject "liquid-auth-ios-example" */ = {
			isa = XCConfigurationList;
			buildConfigurations = (
				6E68E6AE2DA924940087CB6D /* Debug */,
				6E68E6AF2DA924940087CB6D /* Release */,
			);
			defaultConfigurationIsVisible = 0;
			defaultConfigurationName = Release;
		};
		6E68E6B02DA924940087CB6D /* Build configuration list for PBXNativeTarget "liquid-auth-ios-example" */ = {
			isa = XCConfigurationList;
			buildConfigurations = (
				6E68E6B12DA924940087CB6D /* Debug */,
				6E68E6B22DA924940087CB6D /* Release */,
			);
			defaultConfigurationIsVisible = 0;
			defaultConfigurationName = Release;
		};
		6E68E6B32DA924940087CB6D /* Build configuration list for PBXNativeTarget "liquid-auth-ios-exampleTests" */ = {
			isa = XCConfigurationList;
			buildConfigurations = (
				6E68E6B42DA924940087CB6D /* Debug */,
				6E68E6B52DA924940087CB6D /* Release */,
			);
			defaultConfigurationIsVisible = 0;
			defaultConfigurationName = Release;
		};
		6E68E6B62DA924940087CB6D /* Build configuration list for PBXNativeTarget "liquid-auth-ios-exampleUITests" */ = {
			isa = XCConfigurationList;
			buildConfigurations = (
				6E68E6B72DA924940087CB6D /* Debug */,
				6E68E6B82DA924940087CB6D /* Release */,
			);
			defaultConfigurationIsVisible = 0;
			defaultConfigurationName = Release;
		};
		6EB1C0092DE6105800D2CD0F /* Build configuration list for PBXNativeTarget "AutofillCredentialExtension" */ = {
			isa = XCConfigurationList;
			buildConfigurations = (
				6EB1C00A2DE6105800D2CD0F /* Debug */,
				6EB1C00B2DE6105800D2CD0F /* Release */,
			);
			defaultConfigurationIsVisible = 0;
			defaultConfigurationName = Release;
		};
/* End XCConfigurationList section */

/* Begin XCRemoteSwiftPackageReference section */
		6E0A054D2DC77745004A74E2 /* XCRemoteSwiftPackageReference "deterministic-P256-swift" */ = {
			isa = XCRemoteSwiftPackageReference;
			repositoryURL = "https://github.com/algorandfoundation/deterministic-P256-swift/";
			requirement = {
				branch = main;
				kind = branch;
			};
		};
		6EA62D372E20702E00C80BF0 /* XCRemoteSwiftPackageReference "SwiftCBOR" */ = {
			isa = XCRemoteSwiftPackageReference;
			repositoryURL = "https://github.com/valpackett/SwiftCBOR";
			requirement = {
				branch = master;
				kind = branch;
			};
		};
		6ECF13E52DBEBA73006E0BE0 /* XCRemoteSwiftPackageReference "xHD-Wallet-API-swift" */ = {
			isa = XCRemoteSwiftPackageReference;
			repositoryURL = "https://github.com/algorandfoundation/xHD-Wallet-API-swift/";
			requirement = {
				branch = "temp-branch-rawsign";
				kind = branch;
			};
		};
		6EE537E72DBD631D0032EC12 /* XCRemoteSwiftPackageReference "MnemonicSwift" */ = {
			isa = XCRemoteSwiftPackageReference;
			repositoryURL = "https://github.com/Electric-Coin-Company/MnemonicSwift/";
			requirement = {
				kind = upToNextMajorVersion;
				minimumVersion = 2.2.5;
			};
		};
		6EFCAC732E2649AA0010B46B /* XCRemoteSwiftPackageReference "liquid-auth-ios" */ = {
			isa = XCRemoteSwiftPackageReference;
			repositoryURL = "https://github.com/algorandfoundation/liquid-auth-ios/";
			requirement = {
				branch = "refactor-into-library";
				kind = branch;
			};
		};
/* End XCRemoteSwiftPackageReference section */

/* Begin XCSwiftPackageProductDependency section */
		6E0A054E2DC77745004A74E2 /* deterministicP256-swift */ = {
			isa = XCSwiftPackageProductDependency;
			package = 6E0A054D2DC77745004A74E2 /* XCRemoteSwiftPackageReference "deterministic-P256-swift" */;
			productName = "deterministicP256-swift";
		};
		6E0F0F432DF6B382002035B7 /* MnemonicSwift */ = {
			isa = XCSwiftPackageProductDependency;
			package = 6EE537E72DBD631D0032EC12 /* XCRemoteSwiftPackageReference "MnemonicSwift" */;
			productName = MnemonicSwift;
		};
		6E0F0F472DF6B382002035B7 /* x-hd-wallet-api */ = {
			isa = XCSwiftPackageProductDependency;
			package = 6ECF13E52DBEBA73006E0BE0 /* XCRemoteSwiftPackageReference "xHD-Wallet-API-swift" */;
			productName = "x-hd-wallet-api";
		};
		6E0F0F492DF6B382002035B7 /* deterministicP256-swift */ = {
			isa = XCSwiftPackageProductDependency;
			package = 6E0A054D2DC77745004A74E2 /* XCRemoteSwiftPackageReference "deterministic-P256-swift" */;
			productName = "deterministicP256-swift";
		};
		6E97FCC42DC0CD35006224B5 /* x-hd-wallet-api */ = {
			isa = XCSwiftPackageProductDependency;
			package = 6ECF13E52DBEBA73006E0BE0 /* XCRemoteSwiftPackageReference "xHD-Wallet-API-swift" */;
			productName = "x-hd-wallet-api";
		};
		6EA62D382E20702E00C80BF0 /* SwiftCBOR */ = {
			isa = XCSwiftPackageProductDependency;
			package = 6EA62D372E20702E00C80BF0 /* XCRemoteSwiftPackageReference "SwiftCBOR" */;
			productName = SwiftCBOR;
		};
		6EE537E82DBD631D0032EC12 /* MnemonicSwift */ = {
			isa = XCSwiftPackageProductDependency;
			package = 6EE537E72DBD631D0032EC12 /* XCRemoteSwiftPackageReference "MnemonicSwift" */;
			productName = MnemonicSwift;
		};
		6EFCAC742E2649AA0010B46B /* LiquidAuthSDK */ = {
			isa = XCSwiftPackageProductDependency;
			package = 6EFCAC732E2649AA0010B46B /* XCRemoteSwiftPackageReference "liquid-auth-ios" */;
			productName = LiquidAuthSDK;
		};
		6EFCAC762E2649BA0010B46B /* LiquidAuthSDK */ = {
			isa = XCSwiftPackageProductDependency;
			package = 6EFCAC732E2649AA0010B46B /* XCRemoteSwiftPackageReference "liquid-auth-ios" */;
			productName = LiquidAuthSDK;
		};
/* End XCSwiftPackageProductDependency section */
	};
	rootObject = 6E68E6842DA924920087CB6D /* Project object */;
}
